
Microsoft Visual Studio Solution File, Format Version 12.00
# Visual Studio Version 17
VisualStudioVersion = 17.7.34031.279
MinimumVisualStudioVersion = 10.0.40219.1
Project("{FAE04EC0-301F-11D3-BF4B-00C04F79EFBC}") = "FirstDisplay3", "FirstDisplay3\FirstDisplay3.csproj", "{8F035F46-6AB2-4AD5-A4A6-1B00C0CEE845}"
EndProject
Global
	GlobalSection(SolutionConfigurationPlatforms) = preSolution
		Debug|Any CPU = Debug|Any CPU
		Release|Any CPU = Release|Any CPU
	EndGlobalSection
	GlobalSection(ProjectConfigurationPlatforms) = postSolution
		{8F035F46-6AB2-4AD5-A4A6-1B00C0CEE845}.Debug|Any CPU.ActiveCfg = Debug|Any CPU
		{8F035F46-6AB2-4AD5-A4A6-1B00C0CEE845}.Debug|Any CPU.Build.0 = Debug|Any CPU
		{8F035F46-6AB2-4AD5-A4A6-1B00C0CEE845}.Release|Any CPU.ActiveCfg = Release|Any CPU
		{8F035F46-6AB2-4AD5-A4A6-1B00C0CEE845}.Release|Any CPU.Build.0 = Release|Any CPU
	EndGlobalSection
	GlobalSection(SolutionProperties) = preSolution
		HideSolutionNode = FALSE
	EndGlobalSection
	GlobalSection(ExtensibilityGlobals) = postSolution
		SolutionGuid = {742D6172-6B8A-4B03-B241-7D541BE5D5AF}
	EndGlobalSection
EndGlobal
